// !$*UTF8*$!
{
	archiveVersion = 1;
	classes = {
	};
	objectVersion = 77;
	objects = {

/* Begin PBXBuildFile section */
		3FD9C8A12FC9734F00251856 /* ALP_MAD_WEPACK_Watch Watch App.app in Embed Watch Content */ = {isa = PBXBuildFile; fileRef = 3FD9C8812FC9734D00251856 /* ALP_MAD_WEPACK_Watch Watch App.app */; settings = {ATTRIBUTES = (RemoveHeadersOnCopy, ); }; };
		5DB5AF472FC97ECE00E48D11 /* FirebaseAnalytics in Frameworks */ = {isa = PBXBuildFile; productRef = 5DB5AF462FC97ECE00E48D11 /* FirebaseAnalytics */; };
		5DB5AF492FC97ECE00E48D11 /* FirebaseAnalyticsCore in Frameworks */ = {isa = PBXBuildFile; productRef = 5DB5AF482FC97ECE00E48D11 /* FirebaseAnalyticsCore */; };
		5DB5AF4B2FC97ECE00E48D11 /* FirebaseAppCheck in Frameworks */ = {isa = PBXBuildFile; productRef = 5DB5AF4A2FC97ECE00E48D11 /* FirebaseAppCheck */; };
		5DB5AF4D2FC97ECE00E48D11 /* FirebaseAuth in Frameworks */ = {isa = PBXBuildFile; productRef = 5DB5AF4C2FC97ECE00E48D11 /* FirebaseAuth */; };
		5DB5AF4F2FC97ECE00E48D11 /* FirebaseAuthCombine-Community in Frameworks */ = {isa = PBXBuildFile; productRef = 5DB5AF4E2FC97ECE00E48D11 /* FirebaseAuthCombine-Community */; };
		5DB5AF512FC97ECE00E48D11 /* FirebaseCrashlytics in Frameworks */ = {isa = PBXBuildFile; productRef = 5DB5AF502FC97ECE00E48D11 /* FirebaseCrashlytics */; };
		5DB5AF532FC97ECE00E48D11 /* FirebaseDatabase in Frameworks */ = {isa = PBXBuildFile; productRef = 5DB5AF522FC97ECE00E48D11 /* FirebaseDatabase */; };
		5DB5AF552FC97ECE00E48D11 /* FirebaseFirestore in Frameworks */ = {isa = PBXBuildFile; productRef = 5DB5AF542FC97ECE00E48D11 /* FirebaseFirestore */; };
		5DB5AF572FC97ECE00E48D11 /* FirebaseFirestoreCombine-Community in Frameworks */ = {isa = PBXBuildFile; productRef = 5DB5AF562FC97ECE00E48D11 /* FirebaseFirestoreCombine-Community */; };
		5DB5AF592FC97ECE00E48D11 /* FirebaseFunctions in Frameworks */ = {isa = PBXBuildFile; productRef = 5DB5AF582FC97ECE00E48D11 /* FirebaseFunctions */; };
		5DB5AF5B2FC97ECE00E48D11 /* FirebaseFunctionsCombine-Community in Frameworks */ = {isa = PBXBuildFile; productRef = 5DB5AF5A2FC97ECE00E48D11 /* FirebaseFunctionsCombine-Community */; };
		5DB5AF5D2FC97ECE00E48D11 /* FirebaseInAppMessaging-Beta in Frameworks */ = {isa = PBXBuildFile; productRef = 5DB5AF5C2FC97ECE00E48D11 /* FirebaseInAppMessaging-Beta */; };
		5DB5AF5F2FC97ECE00E48D11 /* FirebaseMessaging in Frameworks */ = {isa = PBXBuildFile; productRef = 5DB5AF5E2FC97ECE00E48D11 /* FirebaseMessaging */; };
		5DB5AF612FC97ECE00E48D11 /* FirebaseStorage in Frameworks */ = {isa = PBXBuildFile; productRef = 5DB5AF602FC97ECE00E48D11 /* FirebaseStorage */; };
		5DB5AF632FC97ECE00E48D11 /* FirebaseStorageCombine-Community in Frameworks */ = {isa = PBXBuildFile; productRef = 5DB5AF622FC97ECE00E48D11 /* FirebaseStorageCombine-Community */; };
		5DB5AF652FC97FF800E48D11 /* GoogleService-Info 2.plist in Resources */ = {isa = PBXBuildFile; fileRef = 5DB5AF642FC97FF800E48D11 /* GoogleService-Info 2.plist */; };
/* End PBXBuildFile section */

/* Begin PBXContainerItemProxy section */
		3FD9C88E2FC9734F00251856 /* PBXContainerItemProxy */ = {
			isa = PBXContainerItemProxy;
			containerPortal = 5D99FEFD2FC031B6002F660F /* Project object */;
			proxyType = 1;
			remoteGlobalIDString = 3FD9C8802FC9734D00251856;
			remoteInfo = "ALP_MAD_WEPACK_Watch Watch App";
		};
		3FD9C8982FC9734F00251856 /* PBXContainerItemProxy */ = {
			isa = PBXContainerItemProxy;
			containerPortal = 5D99FEFD2FC031B6002F660F /* Project object */;
			proxyType = 1;
			remoteGlobalIDString = 3FD9C8802FC9734D00251856;
			remoteInfo = "ALP_MAD_WEPACK_Watch Watch App";
		};
		3FD9C89F2FC9734F00251856 /* PBXContainerItemProxy */ = {
			isa = PBXContainerItemProxy;
			containerPortal = 5D99FEFD2FC031B6002F660F /* Project object */;
			proxyType = 1;
			remoteGlobalIDString = 3FD9C8802FC9734D00251856;
			remoteInfo = "ALP_MAD_WEPACK_Watch Watch App";
		};
		5D99FF132FC031B7002F660F /* PBXContainerItemProxy */ = {
			isa = PBXContainerItemProxy;
			containerPortal = 5D99FEFD2FC031B6002F660F /* Project object */;
			proxyType = 1;
			remoteGlobalIDString = 5D99FF042FC031B6002F660F;
			remoteInfo = ALP_MAD_WEPACK;
		};
		5D99FF1D2FC031B7002F660F /* PBXContainerItemProxy */ = {
			isa = PBXContainerItemProxy;
			containerPortal = 5D99FEFD2FC031B6002F660F /* Project object */;
			proxyType = 1;
			remoteGlobalIDString = 5D99FF042FC031B6002F660F;
			remoteInfo = ALP_MAD_WEPACK;
		};
/* End PBXContainerItemProxy section */

/* Begin PBXCopyFilesBuildPhase section */
		3FD9C8A52FC9734F00251856 /* Embed Watch Content */ = {
			isa = PBXCopyFilesBuildPhase;
			buildActionMask = 2147483647;
			dstPath = "$(CONTENTS_FOLDER_PATH)/Watch";
			dstSubfolderSpec = 16;
			files = (
				3FD9C8A12FC9734F00251856 /* ALP_MAD_WEPACK_Watch Watch App.app in Embed Watch Content */,
			);
			name = "Embed Watch Content";
			runOnlyForDeploymentPostprocessing = 0;
		};
/* End PBXCopyFilesBuildPhase section */

/* Begin PBXFileReference section */
		3FD9C8812FC9734D00251856 /* ALP_MAD_WEPACK_Watch Watch App.app */ = {isa = PBXFileReference; explicitFileType = wrapper.application; includeInIndex = 0; path = "ALP_MAD_WEPACK_Watch Watch App.app"; sourceTree = BUILT_PRODUCTS_DIR; };
		3FD9C88D2FC9734F00251856 /* ALP_MAD_WEPACK_Watch Watch AppTests.xctest */ = {isa = PBXFileReference; explicitFileType = wrapper.cfbundle; includeInIndex = 0; path = "ALP_MAD_WEPACK_Watch Watch AppTests.xctest"; sourceTree = BUILT_PRODUCTS_DIR; };
		3FD9C8972FC9734F00251856 /* ALP_MAD_WEPACK_Watch Watch AppUITests.xctest */ = {isa = PBXFileReference; explicitFileType = wrapper.cfbundle; includeInIndex = 0; path = "ALP_MAD_WEPACK_Watch Watch AppUITests.xctest"; sourceTree = BUILT_PRODUCTS_DIR; };
		5D99FF052FC031B6002F660F /* ALP_MAD_WEPACK.app */ = {isa = PBXFileReference; explicitFileType = wrapper.application; includeInIndex = 0; path = ALP_MAD_WEPACK.app; sourceTree = BUILT_PRODUCTS_DIR; };
		5D99FF122FC031B7002F660F /* ALP_MAD_WEPACKTests.xctest */ = {isa = PBXFileReference; explicitFileType = wrapper.cfbundle; includeInIndex = 0; path = ALP_MAD_WEPACKTests.xctest; sourceTree = BUILT_PRODUCTS_DIR; };
		5D99FF1C2FC031B7002F660F /* ALP_MAD_WEPACKUITests.xctest */ = {isa = PBXFileReference; explicitFileType = wrapper.cfbundle; includeInIndex = 0; path = ALP_MAD_WEPACKUITests.xctest; sourceTree = BUILT_PRODUCTS_DIR; };
		5DB5AF642FC97FF800E48D11 /* GoogleService-Info 2.plist */ = {isa = PBXFileReference; lastKnownFileType = text.plist.xml; path = "GoogleService-Info 2.plist"; sourceTree = "<group>"; };
/* End PBXFileReference section */

/* Begin PBXFileSystemSynchronizedRootGroup section */
		3FD9C8822FC9734D00251856 /* ALP_MAD_WEPACK_Watch Watch App */ = {
			isa = PBXFileSystemSynchronizedRootGroup;
			path = "ALP_MAD_WEPACK_Watch Watch App";
			sourceTree = "<group>";
		};
		3FD9C8902FC9734F00251856 /* ALP_MAD_WEPACK_Watch Watch AppTests */ = {
			isa = PBXFileSystemSynchronizedRootGroup;
			path = "ALP_MAD_WEPACK_Watch Watch AppTests";
			sourceTree = "<group>";
		};
		3FD9C89A2FC9734F00251856 /* ALP_MAD_WEPACK_Watch Watch AppUITests */ = {
			isa = PBXFileSystemSynchronizedRootGroup;
			path = "ALP_MAD_WEPACK_Watch Watch AppUITests";
			sourceTree = "<group>";
		};
		5D99FF072FC031B6002F660F /* ALP_MAD_WEPACK */ = {
			isa = PBXFileSystemSynchronizedRootGroup;
			path = ALP_MAD_WEPACK;
			sourceTree = "<group>";
		};
		5D99FF152FC031B7002F660F /* ALP_MAD_WEPACKTests */ = {
			isa = PBXFileSystemSynchronizedRootGroup;
			path = ALP_MAD_WEPACKTests;
			sourceTree = "<group>";
		};
		5D99FF1F2FC031B7002F660F /* ALP_MAD_WEPACKUITests */ = {
			isa = PBXFileSystemSynchronizedRootGroup;
			path = ALP_MAD_WEPACKUITests;
			sourceTree = "<group>";
		};
/* End PBXFileSystemSynchronizedRootGroup section */

/* Begin PBXFrameworksBuildPhase section */
		3FD9C87E2FC9734D00251856 /* Frameworks */ = {
			isa = PBXFrameworksBuildPhase;
			buildActionMask = 2147483647;
			files = (
			);
			runOnlyForDeploymentPostprocessing = 0;
		};
		3FD9C88A2FC9734F00251856 /* Frameworks */ = {
			isa = PBXFrameworksBuildPhase;
			buildActionMask = 2147483647;
			files = (
			);
			runOnlyForDeploymentPostprocessing = 0;
		};
		3FD9C8942FC9734F00251856 /* Frameworks */ = {
			isa = PBXFrameworksBuildPhase;
			buildActionMask = 2147483647;
			files = (
			);
			runOnlyForDeploymentPostprocessing = 0;
		};
		5D99FF022FC031B6002F660F /* Frameworks */ = {
			isa = PBXFrameworksBuildPhase;
			buildActionMask = 2147483647;
			files = (
				5DB5AF472FC97ECE00E48D11 /* FirebaseAnalytics in Frameworks */,
				5DB5AF4B2FC97ECE00E48D11 /* FirebaseAppCheck in Frameworks */,
				5DB5AF492FC97ECE00E48D11 /* FirebaseAnalyticsCore in Frameworks */,
				5DB5AF572FC97ECE00E48D11 /* FirebaseFirestoreCombine-Community in Frameworks */,
				5DB5AF512FC97ECE00E48D11 /* FirebaseCrashlytics in Frameworks */,
				5DB5AF4D2FC97ECE00E48D11 /* FirebaseAuth in Frameworks */,
				5DB5AF552FC97ECE00E48D11 /* FirebaseFirestore in Frameworks */,
				5DB5AF632FC97ECE00E48D11 /* FirebaseStorageCombine-Community in Frameworks */,
				5DB5AF592FC97ECE00E48D11 /* FirebaseFunctions in Frameworks */,
				5DB5AF5F2FC97ECE00E48D11 /* FirebaseMessaging in Frameworks */,
				5DB5AF532FC97ECE00E48D11 /* FirebaseDatabase in Frameworks */,
				5DB5AF5B2FC97ECE00E48D11 /* FirebaseFunctionsCombine-Community in Frameworks */,
				5DB5AF612FC97ECE00E48D11 /* FirebaseStorage in Frameworks */,
				5DB5AF4F2FC97ECE00E48D11 /* FirebaseAuthCombine-Community in Frameworks */,
				5DB5AF5D2FC97ECE00E48D11 /* FirebaseInAppMessaging-Beta in Frameworks */,
			);
			runOnlyForDeploymentPostprocessing = 0;
		};
		5D99FF0F2FC031B7002F660F /* Frameworks */ = {
			isa = PBXFrameworksBuildPhase;
			buildActionMask = 2147483647;
			files = (
			);
			runOnlyForDeploymentPostprocessing = 0;
		};
		5D99FF192FC031B7002F660F /* Frameworks */ = {
			isa = PBXFrameworksBuildPhase;
			buildActionMask = 2147483647;
			files = (
			);
			runOnlyForDeploymentPostprocessing = 0;
		};
/* End PBXFrameworksBuildPhase section */

/* Begin PBXGroup section */
		5D99FEFC2FC031B6002F660F = {
			isa = PBXGroup;
			children = (
				5D99FF072FC031B6002F660F /* ALP_MAD_WEPACK */,
				5D99FF152FC031B7002F660F /* ALP_MAD_WEPACKTests */,
				5D99FF1F2FC031B7002F660F /* ALP_MAD_WEPACKUITests */,
				3FD9C8822FC9734D00251856 /* ALP_MAD_WEPACK_Watch Watch App */,
				3FD9C8902FC9734F00251856 /* ALP_MAD_WEPACK_Watch Watch AppTests */,
				3FD9C89A2FC9734F00251856 /* ALP_MAD_WEPACK_Watch Watch AppUITests */,
				5D99FF062FC031B6002F660F /* Products */,
				5DB5AF642FC97FF800E48D11 /* GoogleService-Info 2.plist */,
			);
			sourceTree = "<group>";
		};
		5D99FF062FC031B6002F660F /* Products */ = {
			isa = PBXGroup;
			children = (
				5D99FF052FC031B6002F660F /* ALP_MAD_WEPACK.app */,
				5D99FF122FC031B7002F660F /* ALP_MAD_WEPACKTests.xctest */,
				5D99FF1C2FC031B7002F660F /* ALP_MAD_WEPACKUITests.xctest */,
				3FD9C8812FC9734D00251856 /* ALP_MAD_WEPACK_Watch Watch App.app */,
				3FD9C88D2FC9734F00251856 /* ALP_MAD_WEPACK_Watch Watch AppTests.xctest */,
				3FD9C8972FC9734F00251856 /* ALP_MAD_WEPACK_Watch Watch AppUITests.xctest */,
			);
			name = Products;
			sourceTree = "<group>";
		};
/* End PBXGroup section */

/* Begin PBXNativeTarget section */
		3FD9C8802FC9734D00251856 /* ALP_MAD_WEPACK_Watch Watch App */ = {
			isa = PBXNativeTarget;
			buildConfigurationList = 3FD9C8A22FC9734F00251856 /* Build configuration list for PBXNativeTarget "ALP_MAD_WEPACK_Watch Watch App" */;
			buildPhases = (
				3FD9C87D2FC9734D00251856 /* Sources */,
				3FD9C87E2FC9734D00251856 /* Frameworks */,
				3FD9C87F2FC9734D00251856 /* Resources */,
			);
			buildRules = (
			);
			dependencies = (
			);
			fileSystemSynchronizedGroups = (
				3FD9C8822FC9734D00251856 /* ALP_MAD_WEPACK_Watch Watch App */,
			);
			name = "ALP_MAD_WEPACK_Watch Watch App";
			packageProductDependencies = (
			);
			productName = "ALP_MAD_WEPACK_Watch Watch App";
			productReference = 3FD9C8812FC9734D00251856 /* ALP_MAD_WEPACK_Watch Watch App.app */;
			productType = "com.apple.product-type.application";
		};
		3FD9C88C2FC9734F00251856 /* ALP_MAD_WEPACK_Watch Watch AppTests */ = {
			isa = PBXNativeTarget;
			buildConfigurationList = 3FD9C8A62FC9734F00251856 /* Build configuration list for PBXNativeTarget "ALP_MAD_WEPACK_Watch Watch AppTests" */;
			buildPhases = (
				3FD9C8892FC9734F00251856 /* Sources */,
				3FD9C88A2FC9734F00251856 /* Frameworks */,
				3FD9C88B2FC9734F00251856 /* Resources */,
			);
			buildRules = (
			);
			dependencies = (
				3FD9C88F2FC9734F00251856 /* PBXTargetDependency */,
			);
			fileSystemSynchronizedGroups = (
				3FD9C8902FC9734F00251856 /* ALP_MAD_WEPACK_Watch Watch AppTests */,
			);
			name = "ALP_MAD_WEPACK_Watch Watch AppTests";
			packageProductDependencies = (
			);
			productName = "ALP_MAD_WEPACK_Watch Watch AppTests";
			productReference = 3FD9C88D2FC9734F00251856 /* ALP_MAD_WEPACK_Watch Watch AppTests.xctest */;
			productType = "com.apple.product-type.bundle.unit-test";
		};
		3FD9C8962FC9734F00251856 /* ALP_MAD_WEPACK_Watch Watch AppUITests */ = {
			isa = PBXNativeTarget;
			buildConfigurationList = 3FD9C8A92FC9734F00251856 /* Build configuration list for PBXNativeTarget "ALP_MAD_WEPACK_Watch Watch AppUITests" */;
			buildPhases = (
				3FD9C8932FC9734F00251856 /* Sources */,
				3FD9C8942FC9734F00251856 /* Frameworks */,
				3FD9C8952FC9734F00251856 /* Resources */,
			);
			buildRules = (
			);
			dependencies = (
				3FD9C8992FC9734F00251856 /* PBXTargetDependency */,
			);
			fileSystemSynchronizedGroups = (
				3FD9C89A2FC9734F00251856 /* ALP_MAD_WEPACK_Watch Watch AppUITests */,
			);
			name = "ALP_MAD_WEPACK_Watch Watch AppUITests";
			packageProductDependencies = (
			);
			productName = "ALP_MAD_WEPACK_Watch Watch AppUITests";
			productReference = 3FD9C8972FC9734F00251856 /* ALP_MAD_WEPACK_Watch Watch AppUITests.xctest */;
			productType = "com.apple.product-type.bundle.ui-testing";
		};
		5D99FF042FC031B6002F660F /* ALP_MAD_WEPACK */ = {
			isa = PBXNativeTarget;
			buildConfigurationList = 5D99FF262FC031B7002F660F /* Build configuration list for PBXNativeTarget "ALP_MAD_WEPACK" */;
			buildPhases = (
				5D99FF012FC031B6002F660F /* Sources */,
				5D99FF022FC031B6002F660F /* Frameworks */,
				5D99FF032FC031B6002F660F /* Resources */,
				3FD9C8A52FC9734F00251856 /* Embed Watch Content */,
			);
			buildRules = (
			);
			dependencies = (
				3FD9C8A02FC9734F00251856 /* PBXTargetDependency */,
			);
			fileSystemSynchronizedGroups = (
				5D99FF072FC031B6002F660F /* ALP_MAD_WEPACK */,
			);
			name = ALP_MAD_WEPACK;
			packageProductDependencies = (
				5DB5AF462FC97ECE00E48D11 /* FirebaseAnalytics */,
				5DB5AF482FC97ECE00E48D11 /* FirebaseAnalyticsCore */,
				5DB5AF4A2FC97ECE00E48D11 /* FirebaseAppCheck */,
				5DB5AF4C2FC97ECE00E48D11 /* FirebaseAuth */,
				5DB5AF4E2FC97ECE00E48D11 /* FirebaseAuthCombine-Community */,
				5DB5AF502FC97ECE00E48D11 /* FirebaseCrashlytics */,
				5DB5AF522FC97ECE00E48D11 /* FirebaseDatabase */,
				5DB5AF542FC97ECE00E48D11 /* FirebaseFirestore */,
				5DB5AF562FC97ECE00E48D11 /* FirebaseFirestoreCombine-Community */,
				5DB5AF582FC97ECE00E48D11 /* FirebaseFunctions */,
				5DB5AF5A2FC97ECE00E48D11 /* FirebaseFunctionsCombine-Community */,
				5DB5AF5C2FC97ECE00E48D11 /* FirebaseInAppMessaging-Beta */,
				5DB5AF5E2FC97ECE00E48D11 /* FirebaseMessaging */,
				5DB5AF602FC97ECE00E48D11 /* FirebaseStorage */,
				5DB5AF622FC97ECE00E48D11 /* FirebaseStorageCombine-Community */,
			);
			productName = ALP_MAD_WEPACK;
			productReference = 5D99FF052FC031B6002F660F /* ALP_MAD_WEPACK.app */;
			productType = "com.apple.product-type.application";
		};
		5D99FF112FC031B7002F660F /* ALP_MAD_WEPACKTests */ = {
			isa = PBXNativeTarget;
			buildConfigurationList = 5D99FF292FC031B7002F660F /* Build configuration list for PBXNativeTarget "ALP_MAD_WEPACKTests" */;
			buildPhases = (
				5D99FF0E2FC031B7002F660F /* Sources */,
				5D99FF0F2FC031B7002F660F /* Frameworks */,
				5D99FF102FC031B7002F660F /* Resources */,
			);
			buildRules = (
			);
			dependencies = (
				5D99FF142FC031B7002F660F /* PBXTargetDependency */,
			);
			fileSystemSynchronizedGroups = (
				5D99FF152FC031B7002F660F /* ALP_MAD_WEPACKTests */,
			);
			name = ALP_MAD_WEPACKTests;
			packageProductDependencies = (
			);
			productName = ALP_MAD_WEPACKTests;
			productReference = 5D99FF122FC031B7002F660F /* ALP_MAD_WEPACKTests.xctest */;
			productType = "com.apple.product-type.bundle.unit-test";
		};
		5D99FF1B2FC031B7002F660F /* ALP_MAD_WEPACKUITests */ = {
			isa = PBXNativeTarget;
			buildConfigurationList = 5D99FF2C2FC031B7002F660F /* Build configuration list for PBXNativeTarget "ALP_MAD_WEPACKUITests" */;
			buildPhases = (
				5D99FF182FC031B7002F660F /* Sources */,
				5D99FF192FC031B7002F660F /* Frameworks */,
				5D99FF1A2FC031B7002F660F /* Resources */,
			);
			buildRules = (
			);
			dependencies = (
				5D99FF1E2FC031B7002F660F /* PBXTargetDependency */,
			);
			fileSystemSynchronizedGroups = (
				5D99FF1F2FC031B7002F660F /* ALP_MAD_WEPACKUITests */,
			);
			name = ALP_MAD_WEPACKUITests;
			packageProductDependencies = (
			);
			productName = ALP_MAD_WEPACKUITests;
			productReference = 5D99FF1C2FC031B7002F660F /* ALP_MAD_WEPACKUITests.xctest */;
			productType = "com.apple.product-type.bundle.ui-testing";
		};
/* End PBXNativeTarget section */

/* Begin PBXProject section */
		5D99FEFD2FC031B6002F660F /* Project object */ = {
			isa = PBXProject;
			attributes = {
				BuildIndependentTargetsInParallel = 1;
				LastSwiftUpdateCheck = 2650;
				LastUpgradeCheck = 1640;
				TargetAttributes = {
					3FD9C8802FC9734D00251856 = {
						CreatedOnToolsVersion = 26.5;
					};
					3FD9C88C2FC9734F00251856 = {
						CreatedOnToolsVersion = 26.5;
						TestTargetID = 3FD9C8802FC9734D00251856;
					};
					3FD9C8962FC9734F00251856 = {
						CreatedOnToolsVersion = 26.5;
						TestTargetID = 3FD9C8802FC9734D00251856;
					};
					5D99FF042FC031B6002F660F = {
						CreatedOnToolsVersion = 16.4;
					};
					5D99FF112FC031B7002F660F = {
						CreatedOnToolsVersion = 16.4;
						TestTargetID = 5D99FF042FC031B6002F660F;
					};
					5D99FF1B2FC031B7002F660F = {
						CreatedOnToolsVersion = 16.4;
						TestTargetID = 5D99FF042FC031B6002F660F;
					};
				};
			};
			buildConfigurationList = 5D99FF002FC031B6002F660F /* Build configuration list for PBXProject "ALP_MAD_WEPACK" */;
			developmentRegion = en;
			hasScannedForEncodings = 0;
			knownRegions = (
				en,
				Base,
			);
			mainGroup = 5D99FEFC2FC031B6002F660F;
			minimizedProjectReferenceProxies = 1;
			packageReferences = (
				5DB5AF452FC97ECE00E48D11 /* XCRemoteSwiftPackageReference "firebase-ios-sdk" */,
			);
			preferredProjectObjectVersion = 77;
			productRefGroup = 5D99FF062FC031B6002F660F /* Products */;
			projectDirPath = "";
			projectRoot = "";
			targets = (
				5D99FF042FC031B6002F660F /* ALP_MAD_WEPACK */,
				5D99FF112FC031B7002F660F /* ALP_MAD_WEPACKTests */,
				5D99FF1B2FC031B7002F660F /* ALP_MAD_WEPACKUITests */,
				3FD9C8802FC9734D00251856 /* ALP_MAD_WEPACK_Watch Watch App */,
				3FD9C88C2FC9734F00251856 /* ALP_MAD_WEPACK_Watch Watch AppTests */,
				3FD9C8962FC9734F00251856 /* ALP_MAD_WEPACK_Watch Watch AppUITests */,
			);
		};
/* End PBXProject section */

/* Begin PBXResourcesBuildPhase section */
		3FD9C87F2FC9734D00251856 /* Resources */ = {
			isa = PBXResourcesBuildPhase;
			buildActionMask = 2147483647;
			files = (
			);
			runOnlyForDeploymentPostprocessing = 0;
		};
		3FD9C88B2FC9734F00251856 /* Resources */ = {
			isa = PBXResourcesBuildPhase;
			buildActionMask = 2147483647;
			files = (
			);
			runOnlyForDeploymentPostprocessing = 0;
		};
		3FD9C8952FC9734F00251856 /* Resources */ = {
			isa = PBXResourcesBuildPhase;
			buildActionMask = 2147483647;
			files = (
			);
			runOnlyForDeploymentPostprocessing = 0;
		};
		5D99FF032FC031B6002F660F /* Resources */ = {
			isa = PBXResourcesBuildPhase;
			buildActionMask = 2147483647;
			files = (
				5DB5AF652FC97FF800E48D11 /* GoogleService-Info 2.plist in Resources */,
			);
			runOnlyForDeploymentPostprocessing = 0;
		};
		5D99FF102FC031B7002F660F /* Resources */ = {
			isa = PBXResourcesBuildPhase;
			buildActionMask = 2147483647;
			files = (
			);
			runOnlyForDeploymentPostprocessing = 0;
		};
		5D99FF1A2FC031B7002F660F /* Resources */ = {
			isa = PBXResourcesBuildPhase;
			buildActionMask = 2147483647;
			files = (
			);
			runOnlyForDeploymentPostprocessing = 0;
		};
/* End PBXResourcesBuildPhase section */

/* Begin PBXSourcesBuildPhase section */
		3FD9C87D2FC9734D00251856 /* Sources */ = {
			isa = PBXSourcesBuildPhase;
			buildActionMask = 2147483647;
			files = (
			);
			runOnlyForDeploymentPostprocessing = 0;
		};
		3FD9C8892FC9734F00251856 /* Sources */ = {
			isa = PBXSourcesBuildPhase;
			buildActionMask = 2147483647;
			files = (
			);
			runOnlyForDeploymentPostprocessing = 0;
		};
		3FD9C8932FC9734F00251856 /* Sources */ = {
			isa = PBXSourcesBuildPhase;
			buildActionMask = 2147483647;
			files = (
			);
			runOnlyForDeploymentPostprocessing = 0;
		};
		5D99FF012FC031B6002F660F /* Sources */ = {
			isa = PBXSourcesBuildPhase;
			buildActionMask = 2147483647;
			files = (
			);
			runOnlyForDeploymentPostprocessing = 0;
		};
		5D99FF0E2FC031B7002F660F /* Sources */ = {
			isa = PBXSourcesBuildPhase;
			buildActionMask = 2147483647;
			files = (
			);
			runOnlyForDeploymentPostprocessing = 0;
		};
		5D99FF182FC031B7002F660F /* Sources */ = {
			isa = PBXSourcesBuildPhase;
			buildActionMask = 2147483647;
			files = (
			);
			runOnlyForDeploymentPostprocessing = 0;
		};
/* End PBXSourcesBuildPhase section */

/* Begin PBXTargetDependency section */
		3FD9C88F2FC9734F00251856 /* PBXTargetDependency */ = {
			isa = PBXTargetDependency;
			target = 3FD9C8802FC9734D00251856 /* ALP_MAD_WEPACK_Watch Watch App */;
			targetProxy = 3FD9C88E2FC9734F00251856 /* PBXContainerItemProxy */;
		};
		3FD9C8992FC9734F00251856 /* PBXTargetDependency */ = {
			isa = PBXTargetDependency;
			target = 3FD9C8802FC9734D00251856 /* ALP_MAD_WEPACK_Watch Watch App */;
			targetProxy = 3FD9C8982FC9734F00251856 /* PBXContainerItemProxy */;
		};
		3FD9C8A02FC9734F00251856 /* PBXTargetDependency */ = {
			isa = PBXTargetDependency;
			target = 3FD9C8802FC9734D00251856 /* ALP_MAD_WEPACK_Watch Watch App */;
			targetProxy = 3FD9C89F2FC9734F00251856 /* PBXContainerItemProxy */;
		};
		5D99FF142FC031B7002F660F /* PBXTargetDependency */ = {
			isa = PBXTargetDependency;
			target = 5D99FF042FC031B6002F660F /* ALP_MAD_WEPACK */;
			targetProxy = 5D99FF132FC031B7002F660F /* PBXContainerItemProxy */;
		};
		5D99FF1E2FC031B7002F660F /* PBXTargetDependency */ = {
			isa = PBXTargetDependency;
			target = 5D99FF042FC031B6002F660F /* ALP_MAD_WEPACK */;
			targetProxy = 5D99FF1D2FC031B7002F660F /* PBXContainerItemProxy */;
		};
/* End PBXTargetDependency section */

/* Begin XCBuildConfiguration section */
		3FD9C8A32FC9734F00251856 /* Debug */ = {
			isa = XCBuildConfiguration;
			buildSettings = {
				ASSETCATALOG_COMPILER_APPICON_NAME = AppIcon;
				ASSETCATALOG_COMPILER_GLOBAL_ACCENT_COLOR_NAME = AccentColor;
				CODE_SIGN_STYLE = Automatic;
				CURRENT_PROJECT_VERSION = 1;
				DEVELOPMENT_TEAM = 5QMAM42TRH;
				ENABLE_PREVIEWS = YES;
				GENERATE_INFOPLIST_FILE = YES;
				INFOPLIST_KEY_CFBundleDisplayName = ALP_MAD_WEPACK_Watch;
				INFOPLIST_KEY_UISupportedInterfaceOrientations = "UIInterfaceOrientationPortrait UIInterfaceOrientationPortraitUpsideDown";
				INFOPLIST_KEY_WKCompanionAppBundleIdentifier = "MAD.ALP-MAD-WEPACK";
				LD_RUNPATH_SEARCH_PATHS = (
					"$(inherited)",
					"@executable_path/Frameworks",
				);
				MARKETING_VERSION = 1.0;
				PRODUCT_BUNDLE_IDENTIFIER = "MAD.ALP-MAD-WEPACK.watchkitapp";
				PRODUCT_NAME = "$(TARGET_NAME)";
				SDKROOT = watchos;
				SKIP_INSTALL = YES;
				STRING_CATALOG_GENERATE_SYMBOLS = YES;
				SWIFT_APPROACHABLE_CONCURRENCY = YES;
				SWIFT_DEFAULT_ACTOR_ISOLATION = MainActor;
				SWIFT_EMIT_LOC_STRINGS = YES;
				SWIFT_UPCOMING_FEATURE_MEMBER_IMPORT_VISIBILITY = YES;
				SWIFT_VERSION = 5.0;
				TARGETED_DEVICE_FAMILY = 4;
				WATCHOS_DEPLOYMENT_TARGET = 26.5;
			};
			name = Debug;
		};
		3FD9C8A42FC9734F00251856 /* Release */ = {
			isa = XCBuildConfiguration;
			buildSettings = {
				ASSETCATALOG_COMPILER_APPICON_NAME = AppIcon;
				ASSETCATALOG_COMPILER_GLOBAL_ACCENT_COLOR_NAME = AccentColor;
				CODE_SIGN_STYLE = Automatic;
				CURRENT_PROJECT_VERSION = 1;
				DEVELOPMENT_TEAM = 5QMAM42TRH;
				ENABLE_PREVIEWS = YES;
				GENERATE_INFOPLIST_FILE = YES;
				INFOPLIST_KEY_CFBundleDisplayName = ALP_MAD_WEPACK_Watch;
				INFOPLIST_KEY_UISupportedInterfaceOrientations = "UIInterfaceOrientationPortrait UIInterfaceOrientationPortraitUpsideDown";
				INFOPLIST_KEY_WKCompanionAppBundleIdentifier = "MAD.ALP-MAD-WEPACK";
				LD_RUNPATH_SEARCH_PATHS = (
					"$(inherited)",
					"@executable_path/Frameworks",
				);
				MARKETING_VERSION = 1.0;
				PRODUCT_BUNDLE_IDENTIFIER = "MAD.ALP-MAD-WEPACK.watchkitapp";
				PRODUCT_NAME = "$(TARGET_NAME)";
				SDKROOT = watchos;
				SKIP_INSTALL = YES;
				STRING_CATALOG_GENERATE_SYMBOLS = YES;
				SWIFT_APPROACHABLE_CONCURRENCY = YES;
				SWIFT_DEFAULT_ACTOR_ISOLATION = MainActor;
				SWIFT_EMIT_LOC_STRINGS = YES;
				SWIFT_UPCOMING_FEATURE_MEMBER_IMPORT_VISIBILITY = YES;
				SWIFT_VERSION = 5.0;
				TARGETED_DEVICE_FAMILY = 4;
				WATCHOS_DEPLOYMENT_TARGET = 26.5;
			};
			name = Release;
		};
		3FD9C8A72FC9734F00251856 /* Debug */ = {
			isa = XCBuildConfiguration;
			buildSettings = {
				BUNDLE_LOADER = "$(TEST_HOST)";
				CODE_SIGN_STYLE = Automatic;
				CURRENT_PROJECT_VERSION = 1;
				GENERATE_INFOPLIST_FILE = YES;
				MARKETING_VERSION = 1.0;
				PRODUCT_BUNDLE_IDENTIFIER = "com.reinna.ALP-MAD-WEPACK-Watch-Watch-AppTests";
				PRODUCT_NAME = "$(TARGET_NAME)";
				SDKROOT = watchos;
				STRING_CATALOG_GENERATE_SYMBOLS = NO;
				SWIFT_APPROACHABLE_CONCURRENCY = YES;
				SWIFT_EMIT_LOC_STRINGS = NO;
				SWIFT_UPCOMING_FEATURE_MEMBER_IMPORT_VISIBILITY = YES;
				SWIFT_VERSION = 5.0;
				TARGETED_DEVICE_FAMILY = 4;
				TEST_HOST = "$(BUILT_PRODUCTS_DIR)/ALP_MAD_WEPACK_Watch Watch App.app/$(BUNDLE_EXECUTABLE_FOLDER_PATH)/ALP_MAD_WEPACK_Watch Watch App";
				WATCHOS_DEPLOYMENT_TARGET = 26.5;
			};
			name = Debug;
		};
		3FD9C8A82FC9734F00251856 /* Release */ = {
			isa = XCBuildConfiguration;
			buildSettings = {
				BUNDLE_LOADER = "$(TEST_HOST)";
				CODE_SIGN_STYLE = Automatic;
				CURRENT_PROJECT_VERSION = 1;
				GENERATE_INFOPLIST_FILE = YES;
				MARKETING_VERSION = 1.0;
				PRODUCT_BUNDLE_IDENTIFIER = "com.reinna.ALP-MAD-WEPACK-Watch-Watch-AppTests";
				PRODUCT_NAME = "$(TARGET_NAME)";
				SDKROOT = watchos;
				STRING_CATALOG_GENERATE_SYMBOLS = NO;
				SWIFT_APPROACHABLE_CONCURRENCY = YES;
				SWIFT_EMIT_LOC_STRINGS = NO;
				SWIFT_UPCOMING_FEATURE_MEMBER_IMPORT_VISIBILITY = YES;
				SWIFT_VERSION = 5.0;
				TARGETED_DEVICE_FAMILY = 4;
				TEST_HOST = "$(BUILT_PRODUCTS_DIR)/ALP_MAD_WEPACK_Watch Watch App.app/$(BUNDLE_EXECUTABLE_FOLDER_PATH)/ALP_MAD_WEPACK_Watch Watch App";
				WATCHOS_DEPLOYMENT_TARGET = 26.5;
			};
			name = Release;
		};
		3FD9C8AA2FC9734F00251856 /* Debug */ = {
			isa = XCBuildConfiguration;
			buildSettings = {
				CODE_SIGN_STYLE = Automatic;
				CURRENT_PROJECT_VERSION = 1;
				GENERATE_INFOPLIST_FILE = YES;
				MARKETING_VERSION = 1.0;
				PRODUCT_BUNDLE_IDENTIFIER = "com.reinna.ALP-MAD-WEPACK-Watch-Watch-AppUITests";
				PRODUCT_NAME = "$(TARGET_NAME)";
				SDKROOT = watchos;
				STRING_CATALOG_GENERATE_SYMBOLS = NO;
				SWIFT_APPROACHABLE_CONCURRENCY = YES;
				SWIFT_EMIT_LOC_STRINGS = NO;
				SWIFT_UPCOMING_FEATURE_MEMBER_IMPORT_VISIBILITY = YES;
				SWIFT_VERSION = 5.0;
				TARGETED_DEVICE_FAMILY = 4;
				TEST_TARGET_NAME = "ALP_MAD_WEPACK_Watch Watch App";
				WATCHOS_DEPLOYMENT_TARGET = 26.5;
			};
			name = Debug;
		};
		3FD9C8AB2FC9734F00251856 /* Release */ = {
			isa = XCBuildConfiguration;
			buildSettings = {
				CODE_SIGN_STYLE = Automatic;
				CURRENT_PROJECT_VERSION = 1;
				GENERATE_INFOPLIST_FILE = YES;
				MARKETING_VERSION = 1.0;
				PRODUCT_BUNDLE_IDENTIFIER = "com.reinna.ALP-MAD-WEPACK-Watch-Watch-AppUITests";
				PRODUCT_NAME = "$(TARGET_NAME)";
				SDKROOT = watchos;
				STRING_CATALOG_GENERATE_SYMBOLS = NO;
				SWIFT_APPROACHABLE_CONCURRENCY = YES;
				SWIFT_EMIT_LOC_STRINGS = NO;
				SWIFT_UPCOMING_FEATURE_MEMBER_IMPORT_VISIBILITY = YES;
				SWIFT_VERSION = 5.0;
				TARGETED_DEVICE_FAMILY = 4;
				TEST_TARGET_NAME = "ALP_MAD_WEPACK_Watch Watch App";
				WATCHOS_DEPLOYMENT_TARGET = 26.5;
			};
			name = Release;
		};
		5D99FF242FC031B7002F660F /* Debug */ = {
			isa = XCBuildConfiguration;
			buildSettings = {
				ALWAYS_SEARCH_USER_PATHS = NO;
				ASSETCATALOG_COMPILER_GENERATE_SWIFT_ASSET_SYMBOL_EXTENSIONS = YES;
				CLANG_ANALYZER_NONNULL = YES;
				CLANG_ANALYZER_NUMBER_OBJECT_CONVERSION = YES_AGGRESSIVE;
				CLANG_CXX_LANGUAGE_STANDARD = "gnu++20";
				CLANG_ENABLE_MODULES = YES;
				CLANG_ENABLE_OBJC_ARC = YES;
				CLANG_ENABLE_OBJC_WEAK = YES;
				CLANG_WARN_BLOCK_CAPTURE_AUTORELEASING = YES;
				CLANG_WARN_BOOL_CONVERSION = YES;
				CLANG_WARN_COMMA = YES;
				CLANG_WARN_CONSTANT_CONVERSION = YES;
				CLANG_WARN_DEPRECATED_OBJC_IMPLEMENTATIONS = YES;
				CLANG_WARN_DIRECT_OBJC_ISA_USAGE = YES_ERROR;
				CLANG_WARN_DOCUMENTATION_COMMENTS = YES;
				CLANG_WARN_EMPTY_BODY = YES;
				CLANG_WARN_ENUM_CONVERSION = YES;
				CLANG_WARN_INFINITE_RECURSION = YES;
				CLANG_WARN_INT_CONVERSION = YES;
				CLANG_WARN_NON_LITERAL_NULL_CONVERSION = YES;
				CLANG_WARN_OBJC_IMPLICIT_RETAIN_SELF = YES;
				CLANG_WARN_OBJC_LITERAL_CONVERSION = YES;
				CLANG_WARN_OBJC_ROOT_CLASS = YES_ERROR;
				CLANG_WARN_QUOTED_INCLUDE_IN_FRAMEWORK_HEADER = YES;
				CLANG_WARN_RANGE_LOOP_ANALYSIS = YES;
				CLANG_WARN_STRICT_PROTOTYPES = YES;
				CLANG_WARN_SUSPICIOUS_MOVE = YES;
				CLANG_WARN_UNGUARDED_AVAILABILITY = YES_AGGRESSIVE;
				CLANG_WARN_UNREACHABLE_CODE = YES;
				CLANG_WARN__DUPLICATE_METHOD_MATCH = YES;
				COPY_PHASE_STRIP = NO;
				DEBUG_INFORMATION_FORMAT = dwarf;
				DEVELOPMENT_TEAM = 5QMAM42TRH;
				ENABLE_STRICT_OBJC_MSGSEND = YES;
				ENABLE_TESTABILITY = YES;
				ENABLE_USER_SCRIPT_SANDBOXING = YES;
				GCC_C_LANGUAGE_STANDARD = gnu17;
				GCC_DYNAMIC_NO_PIC = NO;
				GCC_NO_COMMON_BLOCKS = YES;
				GCC_OPTIMIZATION_LEVEL = 0;
				GCC_PREPROCESSOR_DEFINITIONS = (
					"DEBUG=1",
					"$(inherited)",
				);
				GCC_WARN_64_TO_32_BIT_CONVERSION = YES;
				GCC_WARN_ABOUT_RETURN_TYPE = YES_ERROR;
				GCC_WARN_UNDECLARED_SELECTOR = YES;
				GCC_WARN_UNINITIALIZED_AUTOS = YES_AGGRESSIVE;
				GCC_WARN_UNUSED_FUNCTION = YES;
				GCC_WARN_UNUSED_VARIABLE = YES;
				IPHONEOS_DEPLOYMENT_TARGET = 18.5;
				LOCALIZATION_PREFERS_STRING_CATALOGS = YES;
				MTL_ENABLE_DEBUG_INFO = INCLUDE_SOURCE;
				MTL_FAST_MATH = YES;
				ONLY_ACTIVE_ARCH = YES;
				SDKROOT = iphoneos;
				SWIFT_ACTIVE_COMPILATION_CONDITIONS = "DEBUG $(inherited)";
				SWIFT_OPTIMIZATION_LEVEL = "-Onone";
			};
			name = Debug;
		};
		5D99FF252FC031B7002F660F /* Release */ = {
			isa = XCBuildConfiguration;
			buildSettings = {
				ALWAYS_SEARCH_USER_PATHS = NO;
				ASSETCATALOG_COMPILER_GENERATE_SWIFT_ASSET_SYMBOL_EXTENSIONS = YES;
				CLANG_ANALYZER_NONNULL = YES;
				CLANG_ANALYZER_NUMBER_OBJECT_CONVERSION = YES_AGGRESSIVE;
				CLANG_CXX_LANGUAGE_STANDARD = "gnu++20";
				CLANG_ENABLE_MODULES = YES;
				CLANG_ENABLE_OBJC_ARC = YES;
				CLANG_ENABLE_OBJC_WEAK = YES;
				CLANG_WARN_BLOCK_CAPTURE_AUTORELEASING = YES;
				CLANG_WARN_BOOL_CONVERSION = YES;
				CLANG_WARN_COMMA = YES;
				CLANG_WARN_CONSTANT_CONVERSION = YES;
				CLANG_WARN_DEPRECATED_OBJC_IMPLEMENTATIONS = YES;
				CLANG_WARN_DIRECT_OBJC_ISA_USAGE = YES_ERROR;
				CLANG_WARN_DOCUMENTATION_COMMENTS = YES;
				CLANG_WARN_EMPTY_BODY = YES;
				CLANG_WARN_ENUM_CONVERSION = YES;
				CLANG_WARN_INFINITE_RECURSION = YES;
				CLANG_WARN_INT_CONVERSION = YES;
				CLANG_WARN_NON_LITERAL_NULL_CONVERSION = YES;
				CLANG_WARN_OBJC_IMPLICIT_RETAIN_SELF = YES;
				CLANG_WARN_OBJC_LITERAL_CONVERSION = YES;
				CLANG_WARN_OBJC_ROOT_CLASS = YES_ERROR;
				CLANG_WARN_QUOTED_INCLUDE_IN_FRAMEWORK_HEADER = YES;
				CLANG_WARN_RANGE_LOOP_ANALYSIS = YES;
				CLANG_WARN_STRICT_PROTOTYPES = YES;
				CLANG_WARN_SUSPICIOUS_MOVE = YES;
				CLANG_WARN_UNGUARDED_AVAILABILITY = YES_AGGRESSIVE;
				CLANG_WARN_UNREACHABLE_CODE = YES;
				CLANG_WARN__DUPLICATE_METHOD_MATCH = YES;
				COPY_PHASE_STRIP = NO;
				DEBUG_INFORMATION_FORMAT = "dwarf-with-dsym";
				DEVELOPMENT_TEAM = 5QMAM42TRH;
				ENABLE_NS_ASSERTIONS = NO;
				ENABLE_STRICT_OBJC_MSGSEND = YES;
				ENABLE_USER_SCRIPT_SANDBOXING = YES;
				GCC_C_LANGUAGE_STANDARD = gnu17;
				GCC_NO_COMMON_BLOCKS = YES;
				GCC_WARN_64_TO_32_BIT_CONVERSION = YES;
				GCC_WARN_ABOUT_RETURN_TYPE = YES_ERROR;
				GCC_WARN_UNDECLARED_SELECTOR = YES;
				GCC_WARN_UNINITIALIZED_AUTOS = YES_AGGRESSIVE;
				GCC_WARN_UNUSED_FUNCTION = YES;
				GCC_WARN_UNUSED_VARIABLE = YES;
				IPHONEOS_DEPLOYMENT_TARGET = 18.5;
				LOCALIZATION_PREFERS_STRING_CATALOGS = YES;
				MTL_ENABLE_DEBUG_INFO = NO;
				MTL_FAST_MATH = YES;
				SDKROOT = iphoneos;
				SWIFT_COMPILATION_MODE = wholemodule;
				VALIDATE_PRODUCT = YES;
			};
			name = Release;
		};
		5D99FF272FC031B7002F660F /* Debug */ = {
			isa = XCBuildConfiguration;
			buildSettings = {
				ASSETCATALOG_COMPILER_APPICON_NAME = AppIcon;
				ASSETCATALOG_COMPILER_GLOBAL_ACCENT_COLOR_NAME = AccentColor;
				CODE_SIGN_ENTITLEMENTS = ALP_MAD_WEPACK/ALP_MAD_WEPACK.entitlements;
				CODE_SIGN_STYLE = Automatic;
				CURRENT_PROJECT_VERSION = 1;
				DEVELOPMENT_TEAM = 5QMAM42TRH;
				ENABLE_PREVIEWS = YES;
				GENERATE_INFOPLIST_FILE = YES;
				INFOPLIST_FILE = "ALP-MAD-WEPACK-Info.plist";
				INFOPLIST_KEY_UIApplicationSceneManifest_Generation = YES;
				INFOPLIST_KEY_UIApplicationSupportsIndirectInputEvents = YES;
				INFOPLIST_KEY_UILaunchScreen_Generation = YES;
				INFOPLIST_KEY_UISupportedInterfaceOrientations_iPad = "UIInterfaceOrientationPortrait UIInterfaceOrientationPortraitUpsideDown UIInterfaceOrientationLandscapeLeft UIInterfaceOrientationLandscapeRight";
				INFOPLIST_KEY_UISupportedInterfaceOrientations_iPhone = "UIInterfaceOrientationPortrait UIInterfaceOrientationLandscapeLeft UIInterfaceOrientationLandscapeRight";
				LD_RUNPATH_SEARCH_PATHS = (
					"$(inherited)",
					"@executable_path/Frameworks",
				);
				MARKETING_VERSION = 1.0;
				PRODUCT_BUNDLE_IDENTIFIER = "MAD.ALP-MAD-WEPACK";
				PRODUCT_NAME = "$(TARGET_NAME)";
				SWIFT_EMIT_LOC_STRINGS = YES;
				SWIFT_VERSION = 5.0;
				TARGETED_DEVICE_FAMILY = "1,2";
			};
			name = Debug;
		};
		5D99FF282FC031B7002F660F /* Release */ = {
			isa = XCBuildConfiguration;
			buildSettings = {
				ASSETCATALOG_COMPILER_APPICON_NAME = AppIcon;
				ASSETCATALOG_COMPILER_GLOBAL_ACCENT_COLOR_NAME = AccentColor;
				CODE_SIGN_ENTITLEMENTS = ALP_MAD_WEPACK/ALP_MAD_WEPACK.entitlements;
				CODE_SIGN_STYLE = Automatic;
				CURRENT_PROJECT_VERSION = 1;
				DEVELOPMENT_TEAM = 5QMAM42TRH;
				ENABLE_PREVIEWS = YES;
				GENERATE_INFOPLIST_FILE = YES;
				INFOPLIST_FILE = "ALP-MAD-WEPACK-Info.plist";
				INFOPLIST_KEY_UIApplicationSceneManifest_Generation = YES;
				INFOPLIST_KEY_UIApplicationSupportsIndirectInputEvents = YES;
				INFOPLIST_KEY_UILaunchScreen_Generation = YES;
				INFOPLIST_KEY_UISupportedInterfaceOrientations_iPad = "UIInterfaceOrientationPortrait UIInterfaceOrientationPortraitUpsideDown UIInterfaceOrientationLandscapeLeft UIInterfaceOrientationLandscapeRight";
				INFOPLIST_KEY_UISupportedInterfaceOrientations_iPhone = "UIInterfaceOrientationPortrait UIInterfaceOrientationLandscapeLeft UIInterfaceOrientationLandscapeRight";
				LD_RUNPATH_SEARCH_PATHS = (
					"$(inherited)",
					"@executable_path/Frameworks",
				);
				MARKETING_VERSION = 1.0;
				PRODUCT_BUNDLE_IDENTIFIER = "MAD.ALP-MAD-WEPACK";
				PRODUCT_NAME = "$(TARGET_NAME)";
				SWIFT_EMIT_LOC_STRINGS = YES;
				SWIFT_VERSION = 5.0;
				TARGETED_DEVICE_FAMILY = "1,2";
			};
			name = Release;
		};
		5D99FF2A2FC031B7002F660F /* Debug */ = {
			isa = XCBuildConfiguration;
			buildSettings = {
				BUNDLE_LOADER = "$(TEST_HOST)";
				CODE_SIGN_STYLE = Automatic;
				CURRENT_PROJECT_VERSION = 1;
				DEVELOPMENT_TEAM = 5QMAM42TRH;
				GENERATE_INFOPLIST_FILE = YES;
				IPHONEOS_DEPLOYMENT_TARGET = 18.5;
				MARKETING_VERSION = 1.0;
				PRODUCT_BUNDLE_IDENTIFIER = "MAD.ALP-MAD-WEPACKTests";
				PRODUCT_NAME = "$(TARGET_NAME)";
				SWIFT_EMIT_LOC_STRINGS = NO;
				SWIFT_VERSION = 5.0;
				TARGETED_DEVICE_FAMILY = "1,2";
				TEST_HOST = "$(BUILT_PRODUCTS_DIR)/ALP_MAD_WEPACK.app/$(BUNDLE_EXECUTABLE_FOLDER_PATH)/ALP_MAD_WEPACK";
			};
			name = Debug;
		};
		5D99FF2B2FC031B7002F660F /* Release */ = {
			isa = XCBuildConfiguration;
			buildSettings = {
				BUNDLE_LOADER = "$(TEST_HOST)";
				CODE_SIGN_STYLE = Automatic;
				CURRENT_PROJECT_VERSION = 1;
				DEVELOPMENT_TEAM = 5QMAM42TRH;
				GENERATE_INFOPLIST_FILE = YES;
				IPHONEOS_DEPLOYMENT_TARGET = 18.5;
				MARKETING_VERSION = 1.0;
				PRODUCT_BUNDLE_IDENTIFIER = "MAD.ALP-MAD-WEPACKTests";
				PRODUCT_NAME = "$(TARGET_NAME)";
				SWIFT_EMIT_LOC_STRINGS = NO;
				SWIFT_VERSION = 5.0;
				TARGETED_DEVICE_FAMILY = "1,2";
				TEST_HOST = "$(BUILT_PRODUCTS_DIR)/ALP_MAD_WEPACK.app/$(BUNDLE_EXECUTABLE_FOLDER_PATH)/ALP_MAD_WEPACK";
			};
			name = Release;
		};
		5D99FF2D2FC031B7002F660F /* Debug */ = {
			isa = XCBuildConfiguration;
			buildSettings = {
				CODE_SIGN_STYLE = Automatic;
				CURRENT_PROJECT_VERSION = 1;
				DEVELOPMENT_TEAM = 5QMAM42TRH;
				GENERATE_INFOPLIST_FILE = YES;
				MARKETING_VERSION = 1.0;
				PRODUCT_BUNDLE_IDENTIFIER = "MAD.ALP-MAD-WEPACKUITests";
				PRODUCT_NAME = "$(TARGET_NAME)";
				SWIFT_EMIT_LOC_STRINGS = NO;
				SWIFT_VERSION = 5.0;
				TARGETED_DEVICE_FAMILY = "1,2";
				TEST_TARGET_NAME = ALP_MAD_WEPACK;
			};
			name = Debug;
		};
		5D99FF2E2FC031B7002F660F /* Release */ = {
			isa = XCBuildConfiguration;
			buildSettings = {
				CODE_SIGN_STYLE = Automatic;
				CURRENT_PROJECT_VERSION = 1;
				DEVELOPMENT_TEAM = 5QMAM42TRH;
				GENERATE_INFOPLIST_FILE = YES;
				MARKETING_VERSION = 1.0;
				PRODUCT_BUNDLE_IDENTIFIER = "MAD.ALP-MAD-WEPACKUITests";
				PRODUCT_NAME = "$(TARGET_NAME)";
				SWIFT_EMIT_LOC_STRINGS = NO;
				SWIFT_VERSION = 5.0;
				TARGETED_DEVICE_FAMILY = "1,2";
				TEST_TARGET_NAME = ALP_MAD_WEPACK;
			};
			name = Release;
		};
/* End XCBuildConfiguration section */

/* Begin XCConfigurationList section */
		3FD9C8A22FC9734F00251856 /* Build configuration list for PBXNativeTarget "ALP_MAD_WEPACK_Watch Watch App" */ = {
			isa = XCConfigurationList;
			buildConfigurations = (
				3FD9C8A32FC9734F00251856 /* Debug */,
				3FD9C8A42FC9734F00251856 /* Release */,
			);
			defaultConfigurationIsVisible = 0;
			defaultConfigurationName = Release;
		};
		3FD9C8A62FC9734F00251856 /* Build configuration list for PBXNativeTarget "ALP_MAD_WEPACK_Watch Watch AppTests" */ = {
			isa = XCConfigurationList;
			buildConfigurations = (
				3FD9C8A72FC9734F00251856 /* Debug */,
				3FD9C8A82FC9734F00251856 /* Release */,
			);
			defaultConfigurationIsVisible = 0;
			defaultConfigurationName = Release;
		};
		3FD9C8A92FC9734F00251856 /* Build configuration list for PBXNativeTarget "ALP_MAD_WEPACK_Watch Watch AppUITests" */ = {
			isa = XCConfigurationList;
			buildConfigurations = (
				3FD9C8AA2FC9734F00251856 /* Debug */,
				3FD9C8AB2FC9734F00251856 /* Release */,
			);
			defaultConfigurationIsVisible = 0;
			defaultConfigurationName = Release;
		};
		5D99FF002FC031B6002F660F /* Build configuration list for PBXProject "ALP_MAD_WEPACK" */ = {
			isa = XCConfigurationList;
			buildConfigurations = (
				5D99FF242FC031B7002F660F /* Debug */,
				5D99FF252FC031B7002F660F /* Release */,
			);
			defaultConfigurationIsVisible = 0;
			defaultConfigurationName = Release;
		};
		5D99FF262FC031B7002F660F /* Build configuration list for PBXNativeTarget "ALP_MAD_WEPACK" */ = {
			isa = XCConfigurationList;
			buildConfigurations = (
				5D99FF272FC031B7002F660F /* Debug */,
				5D99FF282FC031B7002F660F /* Release */,
			);
			defaultConfigurationIsVisible = 0;
			defaultConfigurationName = Release;
		};
		5D99FF292FC031B7002F660F /* Build configuration list for PBXNativeTarget "ALP_MAD_WEPACKTests" */ = {
			isa = XCConfigurationList;
			buildConfigurations = (
				5D99FF2A2FC031B7002F660F /* Debug */,
				5D99FF2B2FC031B7002F660F /* Release */,
			);
			defaultConfigurationIsVisible = 0;
			defaultConfigurationName = Release;
		};
		5D99FF2C2FC031B7002F660F /* Build configuration list for PBXNativeTarget "ALP_MAD_WEPACKUITests" */ = {
			isa = XCConfigurationList;
			buildConfigurations = (
				5D99FF2D2FC031B7002F660F /* Debug */,
				5D99FF2E2FC031B7002F660F /* Release */,
			);
			defaultConfigurationIsVisible = 0;
			defaultConfigurationName = Release;
		};
/* End XCConfigurationList section */

/* Begin XCRemoteSwiftPackageReference section */
		5DB5AF452FC97ECE00E48D11 /* XCRemoteSwiftPackageReference "firebase-ios-sdk" */ = {
			isa = XCRemoteSwiftPackageReference;
			repositoryURL = "https://github.com/firebase/firebase-ios-sdk";
			requirement = {
				kind = upToNextMajorVersion;
				minimumVersion = 12.14.0;
			};
		};
/* End XCRemoteSwiftPackageReference section */

/* Begin XCSwiftPackageProductDependency section */
		5DB5AF462FC97ECE00E48D11 /* FirebaseAnalytics */ = {
			isa = XCSwiftPackageProductDependency;
			package = 5DB5AF452FC97ECE00E48D11 /* XCRemoteSwiftPackageReference "firebase-ios-sdk" */;
			productName = FirebaseAnalytics;
		};
		5DB5AF482FC97ECE00E48D11 /* FirebaseAnalyticsCore */ = {
			isa = XCSwiftPackageProductDependency;
			package = 5DB5AF452FC97ECE00E48D11 /* XCRemoteSwiftPackageReference "firebase-ios-sdk" */;
			productName = FirebaseAnalyticsCore;
		};
		5DB5AF4A2FC97ECE00E48D11 /* FirebaseAppCheck */ = {
			isa = XCSwiftPackageProductDependency;
			package = 5DB5AF452FC97ECE00E48D11 /* XCRemoteSwiftPackageReference "firebase-ios-sdk" */;
			productName = FirebaseAppCheck;
		};
		5DB5AF4C2FC97ECE00E48D11 /* FirebaseAuth */ = {
			isa = XCSwiftPackageProductDependency;
			package = 5DB5AF452FC97ECE00E48D11 /* XCRemoteSwiftPackageReference "firebase-ios-sdk" */;
			productName = FirebaseAuth;
		};
		5DB5AF4E2FC97ECE00E48D11 /* FirebaseAuthCombine-Community */ = {
			isa = XCSwiftPackageProductDependency;
			package = 5DB5AF452FC97ECE00E48D11 /* XCRemoteSwiftPackageReference "firebase-ios-sdk" */;
			productName = "FirebaseAuthCombine-Community";
		};
		5DB5AF502FC97ECE00E48D11 /* FirebaseCrashlytics */ = {
			isa = XCSwiftPackageProductDependency;
			package = 5DB5AF452FC97ECE00E48D11 /* XCRemoteSwiftPackageReference "firebase-ios-sdk" */;
			productName = FirebaseCrashlytics;
		};
		5DB5AF522FC97ECE00E48D11 /* FirebaseDatabase */ = {
			isa = XCSwiftPackageProductDependency;
			package = 5DB5AF452FC97ECE00E48D11 /* XCRemoteSwiftPackageReference "firebase-ios-sdk" */;
			productName = FirebaseDatabase;
		};
		5DB5AF542FC97ECE00E48D11 /* FirebaseFirestore */ = {
			isa = XCSwiftPackageProductDependency;
			package = 5DB5AF452FC97ECE00E48D11 /* XCRemoteSwiftPackageReference "firebase-ios-sdk" */;
			productName = FirebaseFirestore;
		};
		5DB5AF562FC97ECE00E48D11 /* FirebaseFirestoreCombine-Community */ = {
			isa = XCSwiftPackageProductDependency;
			package = 5DB5AF452FC97ECE00E48D11 /* XCRemoteSwiftPackageReference "firebase-ios-sdk" */;
			productName = "FirebaseFirestoreCombine-Community";
		};
		5DB5AF582FC97ECE00E48D11 /* FirebaseFunctions */ = {
			isa = XCSwiftPackageProductDependency;
			package = 5DB5AF452FC97ECE00E48D11 /* XCRemoteSwiftPackageReference "firebase-ios-sdk" */;
			productName = FirebaseFunctions;
		};
		5DB5AF5A2FC97ECE00E48D11 /* FirebaseFunctionsCombine-Community */ = {
			isa = XCSwiftPackageProductDependency;
			package = 5DB5AF452FC97ECE00E48D11 /* XCRemoteSwiftPackageReference "firebase-ios-sdk" */;
			productName = "FirebaseFunctionsCombine-Community";
		};
		5DB5AF5C2FC97ECE00E48D11 /* FirebaseInAppMessaging-Beta */ = {
			isa = XCSwiftPackageProductDependency;
			package = 5DB5AF452FC97ECE00E48D11 /* XCRemoteSwiftPackageReference "firebase-ios-sdk" */;
			productName = "FirebaseInAppMessaging-Beta";
		};
		5DB5AF5E2FC97ECE00E48D11 /* FirebaseMessaging */ = {
			isa = XCSwiftPackageProductDependency;
			package = 5DB5AF452FC97ECE00E48D11 /* XCRemoteSwiftPackageReference "firebase-ios-sdk" */;
			productName = FirebaseMessaging;
		};
		5DB5AF602FC97ECE00E48D11 /* FirebaseStorage */ = {
			isa = XCSwiftPackageProductDependency;
			package = 5DB5AF452FC97ECE00E48D11 /* XCRemoteSwiftPackageReference "firebase-ios-sdk" */;
			productName = FirebaseStorage;
		};
		5DB5AF622FC97ECE00E48D11 /* FirebaseStorageCombine-Community */ = {
			isa = XCSwiftPackageProductDependency;
			package = 5DB5AF452FC97ECE00E48D11 /* XCRemoteSwiftPackageReference "firebase-ios-sdk" */;
			productName = "FirebaseStorageCombine-Community";
		};
/* End XCSwiftPackageProductDependency section */
	};
	rootObject = 5D99FEFD2FC031B6002F660F /* Project object */;
}
